
Microsoft Visual Studio Solution File, Format Version 12.00
# Visual Studio Version 16
VisualStudioVersion = 16.0.31112.23
MinimumVisualStudioVersion = 10.0.40219.1
Project("{FAE04EC0-301F-11D3-BF4B-00C04F79EFBC}") = "Fundoo_API_DEMO", "Fundoo_API_DEMO\Fundoo_API_DEMO.csproj", "{0E4A7C6C-C887-47E4-9918-D6A303CF1E21}"
EndProject
Project("{FAE04EC0-301F-11D3-BF4B-00C04F79EFBC}") = "BusinessLayer", "BusinessLayer\BusinessLayer.csproj", "{C52A5856-13B3-46AE-A0E4-13358C9550A5}"
EndProject
Project("{FAE04EC0-301F-11D3-BF4B-00C04F79EFBC}") = "RepositoryLayer", "RepositoryLayer\RepositoryLayer.csproj", "{7F40DFD3-5CEC-4AA9-8028-E6619C9B6EAD}"
EndProject
Project("{FAE04EC0-301F-11D3-BF4B-00C04F79EFBC}") = "CommonLayer", "CommonLayer\CommonLayer.csproj", "{8B691F3C-F135-459B-9E09-C8335E5FC668}"
EndProject
Global
	GlobalSection(SolutionConfigurationPlatforms) = preSolution
		Debug|Any CPU = Debug|Any CPU
		Release|Any CPU = Release|Any CPU
	EndGlobalSection
	GlobalSection(ProjectConfigurationPlatforms) = postSolution
		{0E4A7C6C-C887-47E4-9918-D6A303CF1E21}.Debug|Any CPU.ActiveCfg = Debug|Any CPU
		{0E4A7C6C-C887-47E4-9918-D6A303CF1E21}.Debug|Any CPU.Build.0 = Debug|Any CPU
		{0E4A7C6C-C887-47E4-9918-D6A303CF1E21}.Release|Any CPU.ActiveCfg = Release|Any CPU
		{0E4A7C6C-C887-47E4-9918-D6A303CF1E21}.Release|Any CPU.Build.0 = Release|Any CPU
		{C52A5856-13B3-46AE-A0E4-13358C9550A5}.Debug|Any CPU.ActiveCfg = Debug|Any CPU
		{C52A5856-13B3-46AE-A0E4-13358C9550A5}.Debug|Any CPU.Build.0 = Debug|Any CPU
		{C52A5856-13B3-46AE-A0E4-13358C9550A5}.Release|Any CPU.ActiveCfg = Release|Any CPU
		{C52A5856-13B3-46AE-A0E4-13358C9550A5}.Release|Any CPU.Build.0 = Release|Any CPU
		{7F40DFD3-5CEC-4AA9-8028-E6619C9B6EAD}.Debug|Any CPU.ActiveCfg = Debug|Any CPU
		{7F40DFD3-5CEC-4AA9-8028-E6619C9B6EAD}.Debug|Any CPU.Build.0 = Debug|Any CPU
		{7F40DFD3-5CEC-4AA9-8028-E6619C9B6EAD}.Release|Any CPU.ActiveCfg = Release|Any CPU
		{7F40DFD3-5CEC-4AA9-8028-E6619C9B6EAD}.Release|Any CPU.Build.0 = Release|Any CPU
		{8B691F3C-F135-459B-9E09-C8335E5FC668}.Debug|Any CPU.ActiveCfg = Debug|Any CPU
		{8B691F3C-F135-459B-9E09-C8335E5FC668}.Debug|Any CPU.Build.0 = Debug|Any CPU
		{8B691F3C-F135-459B-9E09-C8335E5FC668}.Release|Any CPU.ActiveCfg = Release|Any CPU
		{8B691F3C-F135-459B-9E09-C8335E5FC668}.Release|Any CPU.Build.0 = Release|Any CPU
	EndGlobalSection
	GlobalSection(SolutionProperties) = preSolution
		HideSolutionNode = FALSE
	EndGlobalSection
	GlobalSection(ExtensibilityGlobals) = postSolution
		SolutionGuid = {180A1136-0959-40E2-8C99-62EE5C466287}
	EndGlobalSection
EndGlobal
